
Microsoft Visual Studio Solution File, Format Version 12.00
Project("{FAE04EC0-301F-11D3-BF4B-00C04F79EFBC}") = "EasyNote", "EasyNote.csproj", "{964D3FC7-C41F-4520-BC00-0A89016931BA}"
EndProject
Global
	GlobalSection(SolutionConfigurationPlatforms) = preSolution
		Debug|Any CPU = Debug|Any CPU
		Release|Any CPU = Release|Any CPU
	EndGlobalSection
	GlobalSection(ProjectConfigurationPlatforms) = postSolution
		{964D3FC7-C41F-4520-BC00-0A89016931BA}.Debug|Any CPU.ActiveCfg = Debug|Any CPU
		{964D3FC7-C41F-4520-BC00-0A89016931BA}.Debug|Any CPU.Build.0 = Debug|Any CPU
		{964D3FC7-C41F-4520-BC00-0A89016931BA}.Release|Any CPU.ActiveCfg = Release|Any CPU
		{964D3FC7-C41F-4520-BC00-0A89016931BA}.Release|Any CPU.Build.0 = Release|Any CPU
	EndGlobalSection
EndGlobal
